
Microsoft Visual Studio Solution File, Format Version 12.00
# Visual Studio Version 17
VisualStudioVersion = 17.5.33530.505
MinimumVisualStudioVersion = 10.0.40219.1
Project("{FAE04EC0-301F-11D3-BF4B-00C04F79EFBC}") = "calculadoraMédia", "calculadoraMédia\calculadoraMédia.csproj", "{179C4BB5-DD95-4422-8768-5CDD6A3E14ED}"
EndProject
Global
	GlobalSection(SolutionConfigurationPlatforms) = preSolution
		Debug|Any CPU = Debug|Any CPU
		Release|Any CPU = Release|Any CPU
	EndGlobalSection
	GlobalSection(ProjectConfigurationPlatforms) = postSolution
		{179C4BB5-DD95-4422-8768-5CDD6A3E14ED}.Debug|Any CPU.ActiveCfg = Debug|Any CPU
		{179C4BB5-DD95-4422-8768-5CDD6A3E14ED}.Debug|Any CPU.Build.0 = Debug|Any CPU
		{179C4BB5-DD95-4422-8768-5CDD6A3E14ED}.Release|Any CPU.ActiveCfg = Release|Any CPU
		{179C4BB5-DD95-4422-8768-5CDD6A3E14ED}.Release|Any CPU.Build.0 = Release|Any CPU
	EndGlobalSection
	GlobalSection(SolutionProperties) = preSolution
		HideSolutionNode = FALSE
	EndGlobalSection
	GlobalSection(ExtensibilityGlobals) = postSolution
		SolutionGuid = {F87AF712-AAF5-4922-8A6B-774DBA768BBC}
	EndGlobalSection
EndGlobal
